schema: '2.0'
stages:
  clean_data:
    cmd: python clean.py
    deps:
    - path: clean.py
      hash: md5
      md5: 70993a19dea07ca58e6301784c38cae6
      size: 204
    - path: raw_data.csv
      hash: md5
      md5: d604278c12fc3f4752181fe9a2109e00
      size: 50
    outs:
    - path: cleaned_data.csv
      hash: md5
      md5: 51b5bc6530f7c304882550a51698d4b6
      size: 57
  train_model:
    cmd: python train.py
    deps:
    - path: cleaned_data.csv
      hash: md5
      md5: 51b5bc6530f7c304882550a51698d4b6
      size: 57
    - path: train.py
      hash: md5
      md5: 876255aa4cf00565b082ec5a68fbfa6e
      size: 161
    outs:
    - path: model.txt
      hash: md5
      md5: 8dfdf62938038096543620382246fe05
      size: 77
